
Microsoft Visual Studio Solution File, Format Version 12.00
# Visual Studio Version 17
VisualStudioVersion = 17.11.35303.130
MinimumVisualStudioVersion = 10.0.40219.1
Project("{FAE04EC0-301F-11D3-BF4B-00C04F79EFBC}") = "Assignment-OPS-OrdersQueue", "Assignment-OPS-OrdersQueue\Assignment-OPS-OrdersQueue.csproj", "{3608F623-F5FD-45C5-9EA3-C34B58C004D7}"
EndProject
Global
	GlobalSection(SolutionConfigurationPlatforms) = preSolution
		Debug|Any CPU = Debug|Any CPU
		Release|Any CPU = Release|Any CPU
	EndGlobalSection
	GlobalSection(ProjectConfigurationPlatforms) = postSolution
		{3608F623-F5FD-45C5-9EA3-C34B58C004D7}.Debug|Any CPU.ActiveCfg = Debug|Any CPU
		{3608F623-F5FD-45C5-9EA3-C34B58C004D7}.Debug|Any CPU.Build.0 = Debug|Any CPU
		{3608F623-F5FD-45C5-9EA3-C34B58C004D7}.Release|Any CPU.ActiveCfg = Release|Any CPU
		{3608F623-F5FD-45C5-9EA3-C34B58C004D7}.Release|Any CPU.Build.0 = Release|Any CPU
	EndGlobalSection
	GlobalSection(SolutionProperties) = preSolution
		HideSolutionNode = FALSE
	EndGlobalSection
	GlobalSection(ExtensibilityGlobals) = postSolution
		SolutionGuid = {6B0EFA2A-0C0F-4F33-B5A7-345FF5F71825}
	EndGlobalSection
EndGlobal
