
Microsoft Visual Studio Solution File, Format Version 12.00
# Visual Studio Version 17
VisualStudioVersion = 17.11.35303.130
MinimumVisualStudioVersion = 10.0.40219.1
Project("{FAE04EC0-301F-11D3-BF4B-00C04F79EFBC}") = "Assignment1-OPS-ProcessingQueue", "Assignment1-OPS-ProcessingQueue\Assignment1-OPS-ProcessingQueue.csproj", "{32B30499-CE1D-4ADE-A9E4-18F6A7157F01}"
EndProject
Global
	GlobalSection(SolutionConfigurationPlatforms) = preSolution
		Debug|Any CPU = Debug|Any CPU
		Release|Any CPU = Release|Any CPU
	EndGlobalSection
	GlobalSection(ProjectConfigurationPlatforms) = postSolution
		{32B30499-CE1D-4ADE-A9E4-18F6A7157F01}.Debug|Any CPU.ActiveCfg = Debug|Any CPU
		{32B30499-CE1D-4ADE-A9E4-18F6A7157F01}.Debug|Any CPU.Build.0 = Debug|Any CPU
		{32B30499-CE1D-4ADE-A9E4-18F6A7157F01}.Release|Any CPU.ActiveCfg = Release|Any CPU
		{32B30499-CE1D-4ADE-A9E4-18F6A7157F01}.Release|Any CPU.Build.0 = Release|Any CPU
	EndGlobalSection
	GlobalSection(SolutionProperties) = preSolution
		HideSolutionNode = FALSE
	EndGlobalSection
	GlobalSection(ExtensibilityGlobals) = postSolution
		SolutionGuid = {FA66F710-A4D0-4432-8FE9-DFE24C2D22CC}
	EndGlobalSection
EndGlobal
